
Microsoft Visual Studio Solution File, Format Version 12.00
# Visual Studio Version 17
VisualStudioVersion = 17.8.34408.163
MinimumVisualStudioVersion = 10.0.40219.1
Project("{FAE04EC0-301F-11D3-BF4B-00C04F79EFBC}") = "ShellNavigationSample", "ShellNavigationSample\ShellNavigationSample.csproj", "{B6432F49-A405-40A9-959B-5E720AF4C82A}"
EndProject
Global
	GlobalSection(SolutionConfigurationPlatforms) = preSolution
		Debug|Any CPU = Debug|Any CPU
		Release|Any CPU = Release|Any CPU
	EndGlobalSection
	GlobalSection(ProjectConfigurationPlatforms) = postSolution
		{B6432F49-A405-40A9-959B-5E720AF4C82A}.Debug|Any CPU.ActiveCfg = Debug|Any CPU
		{B6432F49-A405-40A9-959B-5E720AF4C82A}.Debug|Any CPU.Build.0 = Debug|Any CPU
		{B6432F49-A405-40A9-959B-5E720AF4C82A}.Debug|Any CPU.Deploy.0 = Debug|Any CPU
		{B6432F49-A405-40A9-959B-5E720AF4C82A}.Release|Any CPU.ActiveCfg = Release|Any CPU
		{B6432F49-A405-40A9-959B-5E720AF4C82A}.Release|Any CPU.Build.0 = Release|Any CPU
		{B6432F49-A405-40A9-959B-5E720AF4C82A}.Release|Any CPU.Deploy.0 = Release|Any CPU
	EndGlobalSection
	GlobalSection(SolutionProperties) = preSolution
		HideSolutionNode = FALSE
	EndGlobalSection
	GlobalSection(ExtensibilityGlobals) = postSolution
		SolutionGuid = {BCE1D86E-61CA-4B4E-8850-7E2808826BE4}
	EndGlobalSection
EndGlobal
